# This file is automatically @generated by Poetry 1.4.2 and should not be changed by hand.

[[package]]
name = "cloudpickle"
version = "2.2.1"
description = "Extended pickling support for Python objects"
category = "main"
optional = false
python-versions = ">=3.6"
files = [
    {file = "cloudpickle-2.2.1-py3-none-any.whl", hash = "sha256:61f594d1f4c295fa5cd9014ceb3a1fc4a70b0de1164b94fbc2d854ccba056f9f"},
    {file = "cloudpickle-2.2.1.tar.gz", hash = "sha256:d89684b8de9e34a2a43b3460fbca07d09d6e25ce858df4d5a44240403b6178f5"},
]

[[package]]
name = "nvtx"
version = "0.2.5"
description = "PyNVTX - Python code annotation library"
category = "main"
optional = false
python-versions = "*"
files = [
    {file = "nvtx-0.2.5-cp310-cp310-manylinux_2_17_aarch64.manylinux2014_aarch64.whl", hash = "sha256:2456eaab37115073010b1089377f0d79b89ce3716e6aea2628fee3859116a640"},
    {file = "nvtx-0.2.5-cp310-cp310-manylinux_2_17_x86_64.manylinux2014_x86_64.whl", hash = "sha256:b248e261fb714ad9038ac0aa5fc24e49c7350e03feb903bf75706b2a0d501415"},
    {file = "nvtx-0.2.5-cp37-cp37m-manylinux_2_17_aarch64.manylinux2014_aarch64.whl", hash = "sha256:2479db53a5b241ad141e4bd4196ef07847d5e1e89f86287bbdeecdc930c33939"},
    {file = "nvtx-0.2.5-cp37-cp37m-manylinux_2_17_x86_64.manylinux2014_x86_64.whl", hash = "sha256:911fc2dca4865e6532b1cd15e2d99c9a0463dccabaa328543e7489ad9c2e3f8b"},
    {file = "nvtx-0.2.5-cp38-cp38-manylinux_2_17_aarch64.manylinux2014_aarch64.whl", hash = "sha256:1d683b71328cc210bda9f34d1474efbd0e8285d8cfa9e3e1c35979151682157b"},
    {file = "nvtx-0.2.5-cp38-cp38-manylinux_2_17_x86_64.manylinux2014_x86_64.whl", hash = "sha256:f0e8a6379cd69f3e5042a1d1e849aafd9b4edbd4c00fd752efb669369f390898"},
    {file = "nvtx-0.2.5-cp39-cp39-manylinux_2_17_aarch64.manylinux2014_aarch64.whl", hash = "sha256:bef391a956729bf67d1088a5bfab7a1b44edbb98e5457dee374d95a3d18cc218"},
    {file = "nvtx-0.2.5-cp39-cp39-manylinux_2_17_x86_64.manylinux2014_x86_64.whl", hash = "sha256:0fc7f2e151a1d01090c78fcd8ff3aa74702df5dad1bb2dafa9e0834423486e16"},
    {file = "nvtx-0.2.5.tar.gz", hash = "sha256:a97b85f9a14fe68a288ea765c7b3c778521fb3534b0f10a15eead83747cd51b8"},
]

[metadata]
lock-version = "2.0"
python-versions = "^3.10"
content-hash = "4c50581fb33a02532388e88fa2b9820fd7a723474c25f641613ab9bbe4bffb9c"
